
Microsoft Visual Studio Solution File, Format Version 12.00
# Visual Studio Version 17
VisualStudioVersion = 17.6.33829.357
MinimumVisualStudioVersion = 10.0.40219.1
Project("{9A19103F-16F7-4668-BE54-9A1E7A4F7556}") = "02", "ConsoleApp1\02.csproj", "{01014F9C-2FA4-41DD-B8FA-1ECB6CEE398E}"
EndProject
Project("{9A19103F-16F7-4668-BE54-9A1E7A4F7556}") = "03", "Variable\03.csproj", "{5C6468E4-D315-4DAC-824A-7CFA7E95F485}"
EndProject
Project("{9A19103F-16F7-4668-BE54-9A1E7A4F7556}") = "04", "04\04.csproj", "{691FFCE2-D4F8-49CE-83FF-46B666F2FC19}"
EndProject
Project("{FAE04EC0-301F-11D3-BF4B-00C04F79EFBC}") = "05", "05\05.csproj", "{061D4E35-4AC0-4998-9200-42908FD662B4}"
EndProject
Global
	GlobalSection(SolutionConfigurationPlatforms) = preSolution
		Debug|Any CPU = Debug|Any CPU
		Release|Any CPU = Release|Any CPU
	EndGlobalSection
	GlobalSection(ProjectConfigurationPlatforms) = postSolution
		{01014F9C-2FA4-41DD-B8FA-1ECB6CEE398E}.Debug|Any CPU.ActiveCfg = Debug|Any CPU
		{01014F9C-2FA4-41DD-B8FA-1ECB6CEE398E}.Debug|Any CPU.Build.0 = Debug|Any CPU
		{01014F9C-2FA4-41DD-B8FA-1ECB6CEE398E}.Release|Any CPU.ActiveCfg = Release|Any CPU
		{01014F9C-2FA4-41DD-B8FA-1ECB6CEE398E}.Release|Any CPU.Build.0 = Release|Any CPU
		{5C6468E4-D315-4DAC-824A-7CFA7E95F485}.Debug|Any CPU.ActiveCfg = Debug|Any CPU
		{5C6468E4-D315-4DAC-824A-7CFA7E95F485}.Debug|Any CPU.Build.0 = Debug|Any CPU
		{5C6468E4-D315-4DAC-824A-7CFA7E95F485}.Release|Any CPU.ActiveCfg = Release|Any CPU
		{5C6468E4-D315-4DAC-824A-7CFA7E95F485}.Release|Any CPU.Build.0 = Release|Any CPU
		{691FFCE2-D4F8-49CE-83FF-46B666F2FC19}.Debug|Any CPU.ActiveCfg = Debug|Any CPU
		{691FFCE2-D4F8-49CE-83FF-46B666F2FC19}.Debug|Any CPU.Build.0 = Debug|Any CPU
		{691FFCE2-D4F8-49CE-83FF-46B666F2FC19}.Release|Any CPU.ActiveCfg = Release|Any CPU
		{691FFCE2-D4F8-49CE-83FF-46B666F2FC19}.Release|Any CPU.Build.0 = Release|Any CPU
		{061D4E35-4AC0-4998-9200-42908FD662B4}.Debug|Any CPU.ActiveCfg = Debug|Any CPU
		{061D4E35-4AC0-4998-9200-42908FD662B4}.Debug|Any CPU.Build.0 = Debug|Any CPU
		{061D4E35-4AC0-4998-9200-42908FD662B4}.Release|Any CPU.ActiveCfg = Release|Any CPU
		{061D4E35-4AC0-4998-9200-42908FD662B4}.Release|Any CPU.Build.0 = Release|Any CPU
	EndGlobalSection
	GlobalSection(SolutionProperties) = preSolution
		HideSolutionNode = FALSE
	EndGlobalSection
	GlobalSection(ExtensibilityGlobals) = postSolution
		SolutionGuid = {4A8A644C-4BE2-4275-B4D6-8D700F802F93}
	EndGlobalSection
EndGlobal
